
Microsoft Visual Studio Solution File, Format Version 12.00
# Visual Studio Version 16
VisualStudioVersion = 16.0.30717.126
MinimumVisualStudioVersion = 10.0.40219.1
Project("{2150E333-8FDC-42A3-9474-1A3956D46DE8}") = "Models", "Models", "{8C3AFF0D-4D67-4F0E-B8AD-D2F3A06CD024}"
EndProject
Project("{2150E333-8FDC-42A3-9474-1A3956D46DE8}") = "Core", "Core", "{EEF2058A-036A-49F1-9756-F866820C0C21}"
EndProject
Project("{9A19103F-16F7-4668-BE54-9A1E7A4F7556}") = "Levolution.Reversi.Records", "Levolution.Reversi.Records\Levolution.Reversi.Records.csproj", "{DEAA9167-39F7-49D4-9942-4A3526FEE138}"
EndProject
Project("{9A19103F-16F7-4668-BE54-9A1E7A4F7556}") = "Levolution.Reversi", "Levolution.Reversi\Levolution.Reversi.csproj", "{80AC7394-BE6A-47BB-B28B-DEDCB441493C}"
EndProject
Project("{2150E333-8FDC-42A3-9474-1A3956D46DE8}") = "Apps", "Apps", "{4A334931-8A4D-4FF2-A3A0-F10253472F37}"
EndProject
Project("{9A19103F-16F7-4668-BE54-9A1E7A4F7556}") = "Levolution.Reversi.Games.Console", "Levolution.Reversi.Games.Console\Levolution.Reversi.Games.Console.csproj", "{7C5465CD-F100-4844-B2E3-02F57949CDE6}"
EndProject
Project("{9A19103F-16F7-4668-BE54-9A1E7A4F7556}") = "Levolution.Reversi.Unity", "Levolution.Reversi.Unity\Levolution.Reversi.Unity.csproj", "{44335EAB-517F-4E04-8B6D-A3413A287024}"
EndProject
Project("{9A19103F-16F7-4668-BE54-9A1E7A4F7556}") = "Levolution.Reversi.Records.UnitTest", "Levolution.Reversi.Records.UnitTest\Levolution.Reversi.Records.UnitTest.csproj", "{02260368-9428-4BFF-8E5B-B83E77EB50CB}"
EndProject
Project("{9A19103F-16F7-4668-BE54-9A1E7A4F7556}") = "Levolution.Reversi.UnitTest", "Levolution.Reversi.UnitTest\Levolution.Reversi.UnitTest.csproj", "{EF2A5814-C6D9-47C2-8D60-8BBA279BCAA3}"
EndProject
Global
	GlobalSection(SolutionConfigurationPlatforms) = preSolution
		Debug|Any CPU = Debug|Any CPU
		Release|Any CPU = Release|Any CPU
	EndGlobalSection
	GlobalSection(ProjectConfigurationPlatforms) = postSolution
		{DEAA9167-39F7-49D4-9942-4A3526FEE138}.Debug|Any CPU.ActiveCfg = Debug|Any CPU
		{DEAA9167-39F7-49D4-9942-4A3526FEE138}.Debug|Any CPU.Build.0 = Debug|Any CPU
		{DEAA9167-39F7-49D4-9942-4A3526FEE138}.Release|Any CPU.ActiveCfg = Release|Any CPU
		{DEAA9167-39F7-49D4-9942-4A3526FEE138}.Release|Any CPU.Build.0 = Release|Any CPU
		{80AC7394-BE6A-47BB-B28B-DEDCB441493C}.Debug|Any CPU.ActiveCfg = Debug|Any CPU
		{80AC7394-BE6A-47BB-B28B-DEDCB441493C}.Debug|Any CPU.Build.0 = Debug|Any CPU
		{80AC7394-BE6A-47BB-B28B-DEDCB441493C}.Release|Any CPU.ActiveCfg = Release|Any CPU
		{80AC7394-BE6A-47BB-B28B-DEDCB441493C}.Release|Any CPU.Build.0 = Release|Any CPU
		{7C5465CD-F100-4844-B2E3-02F57949CDE6}.Debug|Any CPU.ActiveCfg = Debug|Any CPU
		{7C5465CD-F100-4844-B2E3-02F57949CDE6}.Debug|Any CPU.Build.0 = Debug|Any CPU
		{7C5465CD-F100-4844-B2E3-02F57949CDE6}.Release|Any CPU.ActiveCfg = Release|Any CPU
		{7C5465CD-F100-4844-B2E3-02F57949CDE6}.Release|Any CPU.Build.0 = Release|Any CPU
		{44335EAB-517F-4E04-8B6D-A3413A287024}.Debug|Any CPU.ActiveCfg = Debug|Any CPU
		{44335EAB-517F-4E04-8B6D-A3413A287024}.Debug|Any CPU.Build.0 = Debug|Any CPU
		{44335EAB-517F-4E04-8B6D-A3413A287024}.Release|Any CPU.ActiveCfg = Release|Any CPU
		{44335EAB-517F-4E04-8B6D-A3413A287024}.Release|Any CPU.Build.0 = Release|Any CPU
		{02260368-9428-4BFF-8E5B-B83E77EB50CB}.Debug|Any CPU.ActiveCfg = Debug|Any CPU
		{02260368-9428-4BFF-8E5B-B83E77EB50CB}.Debug|Any CPU.Build.0 = Debug|Any CPU
		{02260368-9428-4BFF-8E5B-B83E77EB50CB}.Release|Any CPU.ActiveCfg = Release|Any CPU
		{02260368-9428-4BFF-8E5B-B83E77EB50CB}.Release|Any CPU.Build.0 = Release|Any CPU
		{EF2A5814-C6D9-47C2-8D60-8BBA279BCAA3}.Debug|Any CPU.ActiveCfg = Debug|Any CPU
		{EF2A5814-C6D9-47C2-8D60-8BBA279BCAA3}.Debug|Any CPU.Build.0 = Debug|Any CPU
		{EF2A5814-C6D9-47C2-8D60-8BBA279BCAA3}.Release|Any CPU.ActiveCfg = Release|Any CPU
		{EF2A5814-C6D9-47C2-8D60-8BBA279BCAA3}.Release|Any CPU.Build.0 = Release|Any CPU
	EndGlobalSection
	GlobalSection(SolutionProperties) = preSolution
		HideSolutionNode = FALSE
	EndGlobalSection
	GlobalSection(NestedProjects) = preSolution
		{DEAA9167-39F7-49D4-9942-4A3526FEE138} = {8C3AFF0D-4D67-4F0E-B8AD-D2F3A06CD024}
		{80AC7394-BE6A-47BB-B28B-DEDCB441493C} = {EEF2058A-036A-49F1-9756-F866820C0C21}
		{7C5465CD-F100-4844-B2E3-02F57949CDE6} = {4A334931-8A4D-4FF2-A3A0-F10253472F37}
		{44335EAB-517F-4E04-8B6D-A3413A287024} = {4A334931-8A4D-4FF2-A3A0-F10253472F37}
		{02260368-9428-4BFF-8E5B-B83E77EB50CB} = {8C3AFF0D-4D67-4F0E-B8AD-D2F3A06CD024}
		{EF2A5814-C6D9-47C2-8D60-8BBA279BCAA3} = {EEF2058A-036A-49F1-9756-F866820C0C21}
	EndGlobalSection
	GlobalSection(ExtensibilityGlobals) = postSolution
		SolutionGuid = {68CCF2BC-D503-4376-ACD9-D3CADCD5083A}
	EndGlobalSection
EndGlobal
